
Microsoft Visual Studio Solution File, Format Version 12.00
# Visual Studio 15
VisualStudioVersion = 15.0.28307.489
MinimumVisualStudioVersion = 10.0.40219.1
Project("{FAE04EC0-301F-11D3-BF4B-00C04F79EFBC}") = "Lab28", "Lab28\Lab28.csproj", "{77A2FD5C-6ACE-4906-BC5F-08FE7106C7EB}"
EndProject
Global
	GlobalSection(SolutionConfigurationPlatforms) = preSolution
		Debug|Any CPU = Debug|Any CPU
		Release|Any CPU = Release|Any CPU
	EndGlobalSection
	GlobalSection(ProjectConfigurationPlatforms) = postSolution
		{77A2FD5C-6ACE-4906-BC5F-08FE7106C7EB}.Debug|Any CPU.ActiveCfg = Debug|Any CPU
		{77A2FD5C-6ACE-4906-BC5F-08FE7106C7EB}.Debug|Any CPU.Build.0 = Debug|Any CPU
		{77A2FD5C-6ACE-4906-BC5F-08FE7106C7EB}.Release|Any CPU.ActiveCfg = Release|Any CPU
		{77A2FD5C-6ACE-4906-BC5F-08FE7106C7EB}.Release|Any CPU.Build.0 = Release|Any CPU
	EndGlobalSection
	GlobalSection(SolutionProperties) = preSolution
		HideSolutionNode = FALSE
	EndGlobalSection
	GlobalSection(ExtensibilityGlobals) = postSolution
		SolutionGuid = {D6B6A43C-FA7F-4556-8E28-8D67F0CA4E75}
	EndGlobalSection
EndGlobal
